
Microsoft Visual Studio Solution File, Format Version 11.00
# Visual Studio 2010
Project("{8BC9CEB8-8B4A-11D0-8D11-00A0C91BC942}") = "D02Ex1", "D02Ex1\D02Ex1.vcxproj", "{29015D13-8BE1-4451-9A61-021AC3D1A5EA}"
EndProject
Project("{8BC9CEB8-8B4A-11D0-8D11-00A0C91BC942}") = "D02Ex2", "D02Ex2\D02Ex2.vcxproj", "{EF4E1F25-FAE3-48F1-BAD5-014A30A5BABD}"
EndProject
Project("{8BC9CEB8-8B4A-11D0-8D11-00A0C91BC942}") = "D02Ex3", "D02Ex3\D02Ex3.vcxproj", "{BBF2493F-BC67-4EE7-AC59-104E16F09BFD}"
EndProject
Project("{8BC9CEB8-8B4A-11D0-8D11-00A0C91BC942}") = "D04Ex1", "D04Ex1\D04Ex1.vcxproj", "{CC9FD70E-D180-4961-A1F3-AD29D0F7E536}"
EndProject
Project("{8BC9CEB8-8B4A-11D0-8D11-00A0C91BC942}") = "D04Ex2", "D04Ex2\D04Ex2.vcxproj", "{200A9693-2DE8-4C40-AF39-DD760909B148}"
EndProject
Project("{8BC9CEB8-8B4A-11D0-8D11-00A0C91BC942}") = "D04Ex3", "D04Ex3\D04Ex3.vcxproj", "{E0C68A40-DA5F-4F5F-BF8A-A0C49777975E}"
EndProject
Project("{8BC9CEB8-8B4A-11D0-8D11-00A0C91BC942}") = "D05Ex1", "D05Ex1\D05Ex1.vcxproj", "{6CC65107-C0E5-40EE-9536-13BC4EFC094F}"
EndProject
Project("{8BC9CEB8-8B4A-11D0-8D11-00A0C91BC942}") = "D05Ex2", "D05Ex2\D05Ex2.vcxproj", "{AC99B63C-AB28-4605-A655-87AA5BFCE4C2}"
EndProject
Project("{8BC9CEB8-8B4A-11D0-8D11-00A0C91BC942}") = "D06Ex1", "D06Ex1\D06Ex1.vcxproj", "{D3173687-1B91-4B34-9815-37AB5DDAB0CA}"
EndProject
Project("{8BC9CEB8-8B4A-11D0-8D11-00A0C91BC942}") = "D06Ex2", "D06Ex2\D06Ex2.vcxproj", "{D043B346-D6C3-429B-9933-5E0B68D67542}"
EndProject
Project("{8BC9CEB8-8B4A-11D0-8D11-00A0C91BC942}") = "D07Ex1", "D07Ex1\D07Ex1.vcxproj", "{5FA376B0-EB07-41FA-BB2F-1969FA298E68}"
EndProject
Project("{8BC9CEB8-8B4A-11D0-8D11-00A0C91BC942}") = "D07Ex2", "D07Ex2\D07Ex2.vcxproj", "{E892C0CB-1364-420F-93DD-CAFA62E03996}"
EndProject
Project("{8BC9CEB8-8B4A-11D0-8D11-00A0C91BC942}") = "D07Ex3", "D07Ex3\D07Ex3.vcxproj", "{53526803-053E-4EFF-B42D-FB19AFAE4431}"
EndProject
Project("{8BC9CEB8-8B4A-11D0-8D11-00A0C91BC942}") = "D07Ex4", "D07Ex4\D07Ex4.vcxproj", "{CDB0F494-E70C-4C08-A989-595B94E131E4}"
EndProject
Project("{8BC9CEB8-8B4A-11D0-8D11-00A0C91BC942}") = "D09Ex1", "Ex09\Ex09.vcxproj", "{660D2028-17C4-41FA-B1D2-26E14CB90F57}"
EndProject
Project("{8BC9CEB8-8B4A-11D0-8D11-00A0C91BC942}") = "D09Ex2", "D09Ex2\D09Ex2.vcxproj", "{000DC0AC-916B-4454-972E-18F4AD19CA38}"
EndProject
Project("{8BC9CEB8-8B4A-11D0-8D11-00A0C91BC942}") = "D09Ex3", "D09Ex3\D09Ex3.vcxproj", "{EA7DDC43-3A4D-407F-9579-E23CAED5F4D7}"
EndProject
Project("{8BC9CEB8-8B4A-11D0-8D11-00A0C91BC942}") = "D10Ex1", "D10Ex1\D10Ex1.vcxproj", "{A2116D16-9929-4FC4-900A-DEC1A2C34910}"
EndProject
Project("{8BC9CEB8-8B4A-11D0-8D11-00A0C91BC942}") = "D10Ex2", "D10Ex2\D10Ex2.vcxproj", "{D1A76309-B90E-419C-9B5D-C69907AB7F00}"
EndProject
Project("{8BC9CEB8-8B4A-11D0-8D11-00A0C91BC942}") = "D11Ex3", "D11Ex3\D11Ex3.vcxproj", "{3015CC52-0410-4D29-8F17-C205CF753064}"
EndProject
Project("{8BC9CEB8-8B4A-11D0-8D11-00A0C91BC942}") = "D12Ex1", "D12Ex1\D12Ex1.vcxproj", "{9AB43BE6-DE05-47BD-8DBB-46E9DD9D16FF}"
EndProject
Project("{8BC9CEB8-8B4A-11D0-8D11-00A0C91BC942}") = "D12Ex2", "D12Ex2\D12Ex2.vcxproj", "{86483311-075F-443F-9622-62E58AD362BF}"
EndProject
Project("{8BC9CEB8-8B4A-11D0-8D11-00A0C91BC942}") = "D12Ex3", "D12Ex3\D12Ex3.vcxproj", "{FFB710F8-22EC-4B1A-91CD-290FB1A80C7C}"
EndProject
Project("{8BC9CEB8-8B4A-11D0-8D11-00A0C91BC942}") = "D12Ex4", "D12Ex4\D12Ex4.vcxproj", "{24EF5D2B-47A0-482B-A2FC-3CFBB8D11487}"
EndProject
Global
	GlobalSection(SolutionConfigurationPlatforms) = preSolution
		Debug|Win32 = Debug|Win32
		Release|Win32 = Release|Win32
	EndGlobalSection
	GlobalSection(ProjectConfigurationPlatforms) = postSolution
		{29015D13-8BE1-4451-9A61-021AC3D1A5EA}.Debug|Win32.ActiveCfg = Debug|Win32
		{29015D13-8BE1-4451-9A61-021AC3D1A5EA}.Debug|Win32.Build.0 = Debug|Win32
		{29015D13-8BE1-4451-9A61-021AC3D1A5EA}.Release|Win32.ActiveCfg = Release|Win32
		{29015D13-8BE1-4451-9A61-021AC3D1A5EA}.Release|Win32.Build.0 = Release|Win32
		{EF4E1F25-FAE3-48F1-BAD5-014A30A5BABD}.Debug|Win32.ActiveCfg = Debug|Win32
		{EF4E1F25-FAE3-48F1-BAD5-014A30A5BABD}.Debug|Win32.Build.0 = Debug|Win32
		{EF4E1F25-FAE3-48F1-BAD5-014A30A5BABD}.Release|Win32.ActiveCfg = Release|Win32
		{EF4E1F25-FAE3-48F1-BAD5-014A30A5BABD}.Release|Win32.Build.0 = Release|Win32
		{BBF2493F-BC67-4EE7-AC59-104E16F09BFD}.Debug|Win32.ActiveCfg = Debug|Win32
		{BBF2493F-BC67-4EE7-AC59-104E16F09BFD}.Debug|Win32.Build.0 = Debug|Win32
		{BBF2493F-BC67-4EE7-AC59-104E16F09BFD}.Release|Win32.ActiveCfg = Release|Win32
		{BBF2493F-BC67-4EE7-AC59-104E16F09BFD}.Release|Win32.Build.0 = Release|Win32
		{CC9FD70E-D180-4961-A1F3-AD29D0F7E536}.Debug|Win32.ActiveCfg = Debug|Win32
		{CC9FD70E-D180-4961-A1F3-AD29D0F7E536}.Debug|Win32.Build.0 = Debug|Win32
		{CC9FD70E-D180-4961-A1F3-AD29D0F7E536}.Release|Win32.ActiveCfg = Release|Win32
		{CC9FD70E-D180-4961-A1F3-AD29D0F7E536}.Release|Win32.Build.0 = Release|Win32
		{200A9693-2DE8-4C40-AF39-DD760909B148}.Debug|Win32.ActiveCfg = Debug|Win32
		{200A9693-2DE8-4C40-AF39-DD760909B148}.Debug|Win32.Build.0 = Debug|Win32
		{200A9693-2DE8-4C40-AF39-DD760909B148}.Release|Win32.ActiveCfg = Release|Win32
		{200A9693-2DE8-4C40-AF39-DD760909B148}.Release|Win32.Build.0 = Release|Win32
		{E0C68A40-DA5F-4F5F-BF8A-A0C49777975E}.Debug|Win32.ActiveCfg = Debug|Win32
		{E0C68A40-DA5F-4F5F-BF8A-A0C49777975E}.Debug|Win32.Build.0 = Debug|Win32
		{E0C68A40-DA5F-4F5F-BF8A-A0C49777975E}.Release|Win32.ActiveCfg = Release|Win32
		{E0C68A40-DA5F-4F5F-BF8A-A0C49777975E}.Release|Win32.Build.0 = Release|Win32
		{6CC65107-C0E5-40EE-9536-13BC4EFC094F}.Debug|Win32.ActiveCfg = Debug|Win32
		{6CC65107-C0E5-40EE-9536-13BC4EFC094F}.Debug|Win32.Build.0 = Debug|Win32
		{6CC65107-C0E5-40EE-9536-13BC4EFC094F}.Release|Win32.ActiveCfg = Release|Win32
		{6CC65107-C0E5-40EE-9536-13BC4EFC094F}.Release|Win32.Build.0 = Release|Win32
		{AC99B63C-AB28-4605-A655-87AA5BFCE4C2}.Debug|Win32.ActiveCfg = Debug|Win32
		{AC99B63C-AB28-4605-A655-87AA5BFCE4C2}.Debug|Win32.Build.0 = Debug|Win32
		{AC99B63C-AB28-4605-A655-87AA5BFCE4C2}.Release|Win32.ActiveCfg = Release|Win32
		{AC99B63C-AB28-4605-A655-87AA5BFCE4C2}.Release|Win32.Build.0 = Release|Win32
		{D3173687-1B91-4B34-9815-37AB5DDAB0CA}.Debug|Win32.ActiveCfg = Debug|Win32
		{D3173687-1B91-4B34-9815-37AB5DDAB0CA}.Debug|Win32.Build.0 = Debug|Win32
		{D3173687-1B91-4B34-9815-37AB5DDAB0CA}.Release|Win32.ActiveCfg = Release|Win32
		{D3173687-1B91-4B34-9815-37AB5DDAB0CA}.Release|Win32.Build.0 = Release|Win32
		{D043B346-D6C3-429B-9933-5E0B68D67542}.Debug|Win32.ActiveCfg = Debug|Win32
		{D043B346-D6C3-429B-9933-5E0B68D67542}.Debug|Win32.Build.0 = Debug|Win32
		{D043B346-D6C3-429B-9933-5E0B68D67542}.Release|Win32.ActiveCfg = Release|Win32
		{D043B346-D6C3-429B-9933-5E0B68D67542}.Release|Win32.Build.0 = Release|Win32
		{5FA376B0-EB07-41FA-BB2F-1969FA298E68}.Debug|Win32.ActiveCfg = Debug|Win32
		{5FA376B0-EB07-41FA-BB2F-1969FA298E68}.Debug|Win32.Build.0 = Debug|Win32
		{5FA376B0-EB07-41FA-BB2F-1969FA298E68}.Release|Win32.ActiveCfg = Release|Win32
		{5FA376B0-EB07-41FA-BB2F-1969FA298E68}.Release|Win32.Build.0 = Release|Win32
		{E892C0CB-1364-420F-93DD-CAFA62E03996}.Debug|Win32.ActiveCfg = Debug|Win32
		{E892C0CB-1364-420F-93DD-CAFA62E03996}.Debug|Win32.Build.0 = Debug|Win32
		{E892C0CB-1364-420F-93DD-CAFA62E03996}.Release|Win32.ActiveCfg = Release|Win32
		{E892C0CB-1364-420F-93DD-CAFA62E03996}.Release|Win32.Build.0 = Release|Win32
		{53526803-053E-4EFF-B42D-FB19AFAE4431}.Debug|Win32.ActiveCfg = Debug|Win32
		{53526803-053E-4EFF-B42D-FB19AFAE4431}.Debug|Win32.Build.0 = Debug|Win32
		{53526803-053E-4EFF-B42D-FB19AFAE4431}.Release|Win32.ActiveCfg = Release|Win32
		{53526803-053E-4EFF-B42D-FB19AFAE4431}.Release|Win32.Build.0 = Release|Win32
		{CDB0F494-E70C-4C08-A989-595B94E131E4}.Debug|Win32.ActiveCfg = Debug|Win32
		{CDB0F494-E70C-4C08-A989-595B94E131E4}.Debug|Win32.Build.0 = Debug|Win32
		{CDB0F494-E70C-4C08-A989-595B94E131E4}.Release|Win32.ActiveCfg = Release|Win32
		{CDB0F494-E70C-4C08-A989-595B94E131E4}.Release|Win32.Build.0 = Release|Win32
		{660D2028-17C4-41FA-B1D2-26E14CB90F57}.Debug|Win32.ActiveCfg = Debug|Win32
		{660D2028-17C4-41FA-B1D2-26E14CB90F57}.Debug|Win32.Build.0 = Debug|Win32
		{660D2028-17C4-41FA-B1D2-26E14CB90F57}.Release|Win32.ActiveCfg = Release|Win32
		{660D2028-17C4-41FA-B1D2-26E14CB90F57}.Release|Win32.Build.0 = Release|Win32
		{000DC0AC-916B-4454-972E-18F4AD19CA38}.Debug|Win32.ActiveCfg = Debug|Win32
		{000DC0AC-916B-4454-972E-18F4AD19CA38}.Debug|Win32.Build.0 = Debug|Win32
		{000DC0AC-916B-4454-972E-18F4AD19CA38}.Release|Win32.ActiveCfg = Release|Win32
		{000DC0AC-916B-4454-972E-18F4AD19CA38}.Release|Win32.Build.0 = Release|Win32
		{EA7DDC43-3A4D-407F-9579-E23CAED5F4D7}.Debug|Win32.ActiveCfg = Debug|Win32
		{EA7DDC43-3A4D-407F-9579-E23CAED5F4D7}.Debug|Win32.Build.0 = Debug|Win32
		{EA7DDC43-3A4D-407F-9579-E23CAED5F4D7}.Release|Win32.ActiveCfg = Release|Win32
		{EA7DDC43-3A4D-407F-9579-E23CAED5F4D7}.Release|Win32.Build.0 = Release|Win32
		{A2116D16-9929-4FC4-900A-DEC1A2C34910}.Debug|Win32.ActiveCfg = Debug|Win32
		{A2116D16-9929-4FC4-900A-DEC1A2C34910}.Debug|Win32.Build.0 = Debug|Win32
		{A2116D16-9929-4FC4-900A-DEC1A2C34910}.Release|Win32.ActiveCfg = Release|Win32
		{A2116D16-9929-4FC4-900A-DEC1A2C34910}.Release|Win32.Build.0 = Release|Win32
		{D1A76309-B90E-419C-9B5D-C69907AB7F00}.Debug|Win32.ActiveCfg = Debug|Win32
		{D1A76309-B90E-419C-9B5D-C69907AB7F00}.Debug|Win32.Build.0 = Debug|Win32
		{D1A76309-B90E-419C-9B5D-C69907AB7F00}.Release|Win32.ActiveCfg = Release|Win32
		{D1A76309-B90E-419C-9B5D-C69907AB7F00}.Release|Win32.Build.0 = Release|Win32
		{3015CC52-0410-4D29-8F17-C205CF753064}.Debug|Win32.ActiveCfg = Debug|Win32
		{3015CC52-0410-4D29-8F17-C205CF753064}.Debug|Win32.Build.0 = Debug|Win32
		{3015CC52-0410-4D29-8F17-C205CF753064}.Release|Win32.ActiveCfg = Release|Win32
		{3015CC52-0410-4D29-8F17-C205CF753064}.Release|Win32.Build.0 = Release|Win32
		{9AB43BE6-DE05-47BD-8DBB-46E9DD9D16FF}.Debug|Win32.ActiveCfg = Debug|Win32
		{9AB43BE6-DE05-47BD-8DBB-46E9DD9D16FF}.Debug|Win32.Build.0 = Debug|Win32
		{9AB43BE6-DE05-47BD-8DBB-46E9DD9D16FF}.Release|Win32.ActiveCfg = Release|Win32
		{9AB43BE6-DE05-47BD-8DBB-46E9DD9D16FF}.Release|Win32.Build.0 = Release|Win32
		{86483311-075F-443F-9622-62E58AD362BF}.Debug|Win32.ActiveCfg = Debug|Win32
		{86483311-075F-443F-9622-62E58AD362BF}.Debug|Win32.Build.0 = Debug|Win32
		{86483311-075F-443F-9622-62E58AD362BF}.Release|Win32.ActiveCfg = Release|Win32
		{86483311-075F-443F-9622-62E58AD362BF}.Release|Win32.Build.0 = Release|Win32
		{FFB710F8-22EC-4B1A-91CD-290FB1A80C7C}.Debug|Win32.ActiveCfg = Debug|Win32
		{FFB710F8-22EC-4B1A-91CD-290FB1A80C7C}.Debug|Win32.Build.0 = Debug|Win32
		{FFB710F8-22EC-4B1A-91CD-290FB1A80C7C}.Release|Win32.ActiveCfg = Release|Win32
		{FFB710F8-22EC-4B1A-91CD-290FB1A80C7C}.Release|Win32.Build.0 = Release|Win32
		{24EF5D2B-47A0-482B-A2FC-3CFBB8D11487}.Debug|Win32.ActiveCfg = Debug|Win32
		{24EF5D2B-47A0-482B-A2FC-3CFBB8D11487}.Debug|Win32.Build.0 = Debug|Win32
		{24EF5D2B-47A0-482B-A2FC-3CFBB8D11487}.Release|Win32.ActiveCfg = Release|Win32
		{24EF5D2B-47A0-482B-A2FC-3CFBB8D11487}.Release|Win32.Build.0 = Release|Win32
	EndGlobalSection
	GlobalSection(SolutionProperties) = preSolution
		HideSolutionNode = FALSE
	EndGlobalSection
EndGlobal
