
Microsoft Visual Studio Solution File, Format Version 11.00
# Visual Studio 2010
Project("{8BC9CEB8-8B4A-11D0-8D11-00A0C91BC942}") = "D02Ex1", "D02Ex1\D02Ex1.vcxproj", "{29015D13-8BE1-4451-9A61-021AC3D1A5EA}"
EndProject
Project("{8BC9CEB8-8B4A-11D0-8D11-00A0C91BC942}") = "D02Ex2", "D02Ex2\D02Ex2.vcxproj", "{EF4E1F25-FAE3-48F1-BAD5-014A30A5BABD}"
EndProject
Project("{8BC9CEB8-8B4A-11D0-8D11-00A0C91BC942}") = "D02Ex3", "D02Ex3\D02Ex3.vcxproj", "{BBF2493F-BC67-4EE7-AC59-104E16F09BFD}"
EndProject
Project("{8BC9CEB8-8B4A-11D0-8D11-00A0C91BC942}") = "D04Ex1", "D04Ex1\D04Ex1.vcxproj", "{CC9FD70E-D180-4961-A1F3-AD29D0F7E536}"
EndProject
Project("{8BC9CEB8-8B4A-11D0-8D11-00A0C91BC942}") = "D04Ex2", "D04Ex2\D04Ex2.vcxproj", "{200A9693-2DE8-4C40-AF39-DD760909B148}"
EndProject
Project("{8BC9CEB8-8B4A-11D0-8D11-00A0C91BC942}") = "D04Ex3", "D04Ex3\D04Ex3.vcxproj", "{E0C68A40-DA5F-4F5F-BF8A-A0C49777975E}"
EndProject
Project("{8BC9CEB8-8B4A-11D0-8D11-00A0C91BC942}") = "D05Ex1", "D05Ex1\D05Ex1.vcxproj", "{6CC65107-C0E5-40EE-9536-13BC4EFC094F}"
EndProject
Project("{8BC9CEB8-8B4A-11D0-8D11-00A0C91BC942}") = "D05Ex2", "D05Ex2\D05Ex2.vcxproj", "{AC99B63C-AB28-4605-A655-87AA5BFCE4C2}"
EndProject
Global
	GlobalSection(SolutionConfigurationPlatforms) = preSolution
		Debug|Win32 = Debug|Win32
		Release|Win32 = Release|Win32
	EndGlobalSection
	GlobalSection(ProjectConfigurationPlatforms) = postSolution
		{29015D13-8BE1-4451-9A61-021AC3D1A5EA}.Debug|Win32.ActiveCfg = Debug|Win32
		{29015D13-8BE1-4451-9A61-021AC3D1A5EA}.Debug|Win32.Build.0 = Debug|Win32
		{29015D13-8BE1-4451-9A61-021AC3D1A5EA}.Release|Win32.ActiveCfg = Release|Win32
		{29015D13-8BE1-4451-9A61-021AC3D1A5EA}.Release|Win32.Build.0 = Release|Win32
		{EF4E1F25-FAE3-48F1-BAD5-014A30A5BABD}.Debug|Win32.ActiveCfg = Debug|Win32
		{EF4E1F25-FAE3-48F1-BAD5-014A30A5BABD}.Debug|Win32.Build.0 = Debug|Win32
		{EF4E1F25-FAE3-48F1-BAD5-014A30A5BABD}.Release|Win32.ActiveCfg = Release|Win32
		{EF4E1F25-FAE3-48F1-BAD5-014A30A5BABD}.Release|Win32.Build.0 = Release|Win32
		{BBF2493F-BC67-4EE7-AC59-104E16F09BFD}.Debug|Win32.ActiveCfg = Debug|Win32
		{BBF2493F-BC67-4EE7-AC59-104E16F09BFD}.Debug|Win32.Build.0 = Debug|Win32
		{BBF2493F-BC67-4EE7-AC59-104E16F09BFD}.Release|Win32.ActiveCfg = Release|Win32
		{BBF2493F-BC67-4EE7-AC59-104E16F09BFD}.Release|Win32.Build.0 = Release|Win32
		{CC9FD70E-D180-4961-A1F3-AD29D0F7E536}.Debug|Win32.ActiveCfg = Debug|Win32
		{CC9FD70E-D180-4961-A1F3-AD29D0F7E536}.Debug|Win32.Build.0 = Debug|Win32
		{CC9FD70E-D180-4961-A1F3-AD29D0F7E536}.Release|Win32.ActiveCfg = Release|Win32
		{CC9FD70E-D180-4961-A1F3-AD29D0F7E536}.Release|Win32.Build.0 = Release|Win32
		{200A9693-2DE8-4C40-AF39-DD760909B148}.Debug|Win32.ActiveCfg = Debug|Win32
		{200A9693-2DE8-4C40-AF39-DD760909B148}.Debug|Win32.Build.0 = Debug|Win32
		{200A9693-2DE8-4C40-AF39-DD760909B148}.Release|Win32.ActiveCfg = Release|Win32
		{200A9693-2DE8-4C40-AF39-DD760909B148}.Release|Win32.Build.0 = Release|Win32
		{E0C68A40-DA5F-4F5F-BF8A-A0C49777975E}.Debug|Win32.ActiveCfg = Debug|Win32
		{E0C68A40-DA5F-4F5F-BF8A-A0C49777975E}.Debug|Win32.Build.0 = Debug|Win32
		{E0C68A40-DA5F-4F5F-BF8A-A0C49777975E}.Release|Win32.ActiveCfg = Release|Win32
		{E0C68A40-DA5F-4F5F-BF8A-A0C49777975E}.Release|Win32.Build.0 = Release|Win32
		{6CC65107-C0E5-40EE-9536-13BC4EFC094F}.Debug|Win32.ActiveCfg = Debug|Win32
		{6CC65107-C0E5-40EE-9536-13BC4EFC094F}.Debug|Win32.Build.0 = Debug|Win32
		{6CC65107-C0E5-40EE-9536-13BC4EFC094F}.Release|Win32.ActiveCfg = Release|Win32
		{6CC65107-C0E5-40EE-9536-13BC4EFC094F}.Release|Win32.Build.0 = Release|Win32
		{AC99B63C-AB28-4605-A655-87AA5BFCE4C2}.Debug|Win32.ActiveCfg = Debug|Win32
		{AC99B63C-AB28-4605-A655-87AA5BFCE4C2}.Debug|Win32.Build.0 = Debug|Win32
		{AC99B63C-AB28-4605-A655-87AA5BFCE4C2}.Release|Win32.ActiveCfg = Release|Win32
		{AC99B63C-AB28-4605-A655-87AA5BFCE4C2}.Release|Win32.Build.0 = Release|Win32
	EndGlobalSection
	GlobalSection(SolutionProperties) = preSolution
		HideSolutionNode = FALSE
	EndGlobalSection
EndGlobal
