
Microsoft Visual Studio Solution File, Format Version 11.00
# Visual Studio 2010
Project("{8BC9CEB8-8B4A-11D0-8D11-00A0C91BC942}") = "D02Ex1", "Day02\Day02.vcxproj", "{6C469D5B-C603-4A46-A721-FACD9BA03A7A}"
EndProject
Project("{8BC9CEB8-8B4A-11D0-8D11-00A0C91BC942}") = "D02Ex2", "Ex2\Ex2.vcxproj", "{AC8F44D9-5C9F-48BD-B617-50C87E66AC71}"
EndProject
Project("{8BC9CEB8-8B4A-11D0-8D11-00A0C91BC942}") = "D02Ex3", "D02Ex3\D02Ex3.vcxproj", "{37C20798-17B7-4E0A-A2A7-978F2B3DBB09}"
EndProject
Global
	GlobalSection(SolutionConfigurationPlatforms) = preSolution
		Debug|Win32 = Debug|Win32
		Release|Win32 = Release|Win32
	EndGlobalSection
	GlobalSection(ProjectConfigurationPlatforms) = postSolution
		{6C469D5B-C603-4A46-A721-FACD9BA03A7A}.Debug|Win32.ActiveCfg = Debug|Win32
		{6C469D5B-C603-4A46-A721-FACD9BA03A7A}.Debug|Win32.Build.0 = Debug|Win32
		{6C469D5B-C603-4A46-A721-FACD9BA03A7A}.Release|Win32.ActiveCfg = Release|Win32
		{6C469D5B-C603-4A46-A721-FACD9BA03A7A}.Release|Win32.Build.0 = Release|Win32
		{AC8F44D9-5C9F-48BD-B617-50C87E66AC71}.Debug|Win32.ActiveCfg = Debug|Win32
		{AC8F44D9-5C9F-48BD-B617-50C87E66AC71}.Debug|Win32.Build.0 = Debug|Win32
		{AC8F44D9-5C9F-48BD-B617-50C87E66AC71}.Release|Win32.ActiveCfg = Release|Win32
		{AC8F44D9-5C9F-48BD-B617-50C87E66AC71}.Release|Win32.Build.0 = Release|Win32
		{37C20798-17B7-4E0A-A2A7-978F2B3DBB09}.Debug|Win32.ActiveCfg = Debug|Win32
		{37C20798-17B7-4E0A-A2A7-978F2B3DBB09}.Debug|Win32.Build.0 = Debug|Win32
		{37C20798-17B7-4E0A-A2A7-978F2B3DBB09}.Release|Win32.ActiveCfg = Release|Win32
		{37C20798-17B7-4E0A-A2A7-978F2B3DBB09}.Release|Win32.Build.0 = Release|Win32
	EndGlobalSection
	GlobalSection(SolutionProperties) = preSolution
		HideSolutionNode = FALSE
	EndGlobalSection
EndGlobal
