
Microsoft Visual Studio Solution File, Format Version 11.00
# Visual Studio 2010
Project("{8BC9CEB8-8B4A-11D0-8D11-00A0C91BC942}") = "ThreeCsDX", "ThreeCsDX.vcxproj", "{B6A1F1EF-3039-4452-B047-FFC600E26B05}"
EndProject
Global
	GlobalSection(SolutionConfigurationPlatforms) = preSolution
		Debug|Win32 = Debug|Win32
		Release|Win32 = Release|Win32
	EndGlobalSection
	GlobalSection(ProjectConfigurationPlatforms) = postSolution
		{B6A1F1EF-3039-4452-B047-FFC600E26B05}.Debug|Win32.ActiveCfg = Debug|Win32
		{B6A1F1EF-3039-4452-B047-FFC600E26B05}.Debug|Win32.Build.0 = Debug|Win32
		{B6A1F1EF-3039-4452-B047-FFC600E26B05}.Release|Win32.ActiveCfg = Release|Win32
		{B6A1F1EF-3039-4452-B047-FFC600E26B05}.Release|Win32.Build.0 = Release|Win32
	EndGlobalSection
	GlobalSection(SolutionProperties) = preSolution
		HideSolutionNode = FALSE
	EndGlobalSection
EndGlobal
